
Microsoft Visual Studio Solution File, Format Version 12.00
# Visual Studio Version 17
VisualStudioVersion = 17.10.35122.118
MinimumVisualStudioVersion = 10.0.40219.1
Project("{2150E333-8FDC-42A3-9474-1A3956D46DE8}") = "Backend", "Backend", "{1968BB06-1EEA-4E3D-A5D0-116DE298F367}"
EndProject
Project("{2150E333-8FDC-42A3-9474-1A3956D46DE8}") = "Frontend", "Frontend", "{B878A801-5708-4AAE-81A7-4F49EB11F0DA}"
EndProject
Project("{FAE04EC0-301F-11D3-BF4B-00C04F79EFBC}") = "ProductsAPI", "ProductsAPI\ProductsAPI.csproj", "{5D7D93A5-AB95-4E51-A999-D5E7FDEF5AF7}"
EndProject
Project("{9A19103F-16F7-4668-BE54-9A1E7A4F7556}") = "WEB", "WEB\WEB.csproj", "{2B58756B-F93E-4832-854B-D789271D83A7}"
EndProject
Project("{FAE04EC0-301F-11D3-BF4B-00C04F79EFBC}") = "IdentityServer", "IdentityServer\IdentityServer.csproj", "{D4B52D4D-F5F3-487A-8B02-56E38EDFE7CB}"
EndProject
Global
	GlobalSection(SolutionConfigurationPlatforms) = preSolution
		Debug|Any CPU = Debug|Any CPU
		Release|Any CPU = Release|Any CPU
	EndGlobalSection
	GlobalSection(ProjectConfigurationPlatforms) = postSolution
		{5D7D93A5-AB95-4E51-A999-D5E7FDEF5AF7}.Debug|Any CPU.ActiveCfg = Debug|Any CPU
		{5D7D93A5-AB95-4E51-A999-D5E7FDEF5AF7}.Debug|Any CPU.Build.0 = Debug|Any CPU
		{5D7D93A5-AB95-4E51-A999-D5E7FDEF5AF7}.Release|Any CPU.ActiveCfg = Release|Any CPU
		{5D7D93A5-AB95-4E51-A999-D5E7FDEF5AF7}.Release|Any CPU.Build.0 = Release|Any CPU
		{2B58756B-F93E-4832-854B-D789271D83A7}.Debug|Any CPU.ActiveCfg = Debug|Any CPU
		{2B58756B-F93E-4832-854B-D789271D83A7}.Debug|Any CPU.Build.0 = Debug|Any CPU
		{2B58756B-F93E-4832-854B-D789271D83A7}.Release|Any CPU.ActiveCfg = Release|Any CPU
		{2B58756B-F93E-4832-854B-D789271D83A7}.Release|Any CPU.Build.0 = Release|Any CPU
		{D4B52D4D-F5F3-487A-8B02-56E38EDFE7CB}.Debug|Any CPU.ActiveCfg = Debug|Any CPU
		{D4B52D4D-F5F3-487A-8B02-56E38EDFE7CB}.Debug|Any CPU.Build.0 = Debug|Any CPU
		{D4B52D4D-F5F3-487A-8B02-56E38EDFE7CB}.Release|Any CPU.ActiveCfg = Release|Any CPU
		{D4B52D4D-F5F3-487A-8B02-56E38EDFE7CB}.Release|Any CPU.Build.0 = Release|Any CPU
	EndGlobalSection
	GlobalSection(SolutionProperties) = preSolution
		HideSolutionNode = FALSE
	EndGlobalSection
	GlobalSection(NestedProjects) = preSolution
		{5D7D93A5-AB95-4E51-A999-D5E7FDEF5AF7} = {1968BB06-1EEA-4E3D-A5D0-116DE298F367}
		{2B58756B-F93E-4832-854B-D789271D83A7} = {B878A801-5708-4AAE-81A7-4F49EB11F0DA}
		{D4B52D4D-F5F3-487A-8B02-56E38EDFE7CB} = {1968BB06-1EEA-4E3D-A5D0-116DE298F367}
	EndGlobalSection
	GlobalSection(ExtensibilityGlobals) = postSolution
		SolutionGuid = {C08ACD87-DAD1-4471-BBE4-67B186FEA594}
	EndGlobalSection
EndGlobal
